
Microsoft Visual Studio Solution File, Format Version 12.00
# Visual Studio 15
VisualStudioVersion = 15.0.27130.2036
MinimumVisualStudioVersion = 10.0.40219.1
Project("{FAE04EC0-301F-11D3-BF4B-00C04F79EFBC}") = "BakeryFP", "BakeryFP\BakeryFP.csproj", "{C27CE423-53E3-4DEA-9471-344A7C6AE9FE}"
EndProject
Global
	GlobalSection(SolutionConfigurationPlatforms) = preSolution
		Debug|Any CPU = Debug|Any CPU
		Release|Any CPU = Release|Any CPU
	EndGlobalSection
	GlobalSection(ProjectConfigurationPlatforms) = postSolution
		{C27CE423-53E3-4DEA-9471-344A7C6AE9FE}.Debug|Any CPU.ActiveCfg = Debug|Any CPU
		{C27CE423-53E3-4DEA-9471-344A7C6AE9FE}.Debug|Any CPU.Build.0 = Debug|Any CPU
		{C27CE423-53E3-4DEA-9471-344A7C6AE9FE}.Release|Any CPU.ActiveCfg = Release|Any CPU
		{C27CE423-53E3-4DEA-9471-344A7C6AE9FE}.Release|Any CPU.Build.0 = Release|Any CPU
	EndGlobalSection
	GlobalSection(SolutionProperties) = preSolution
		HideSolutionNode = FALSE
	EndGlobalSection
	GlobalSection(ExtensibilityGlobals) = postSolution
		SolutionGuid = {4BA46220-B262-478F-A18D-3980B1A09E1C}
	EndGlobalSection
EndGlobal
